// !$*UTF8*$!
{
	archiveVersion = 1;
	classes = {
	};
	objectVersion = 46;
	objects = {

/* Begin PBXBuildFile section */
		EC7EB1BE1904949900B5D7CA /* Foundation.framework in Frameworks */ = {isa = PBXBuildFile; fileRef = EC7EB1BD1904949900B5D7CA /* Foundation.framework */; };
		EC7EB1C01904949900B5D7CA /* CoreGraphics.framework in Frameworks */ = {isa = PBXBuildFile; fileRef = EC7EB1BF1904949900B5D7CA /* CoreGraphics.framework */; };
		EC7EB1C21904949900B5D7CA /* UIKit.framework in Frameworks */ = {isa = PBXBuildFile; fileRef = EC7EB1C11904949900B5D7CA /* UIKit.framework */; };
		EC7EB1C81904949900B5D7CA /* InfoPlist.strings in Resources */ = {isa = PBXBuildFile; fileRef = EC7EB1C61904949900B5D7CA /* InfoPlist.strings */; };
		EC7EB1CA1904949900B5D7CA /* main.m in Sources */ = {isa = PBXBuildFile; fileRef = EC7EB1C91904949900B5D7CA /* main.m */; };
		EC7EB1CE1904949900B5D7CA /* AppDelegate.m in Sources */ = {isa = PBXBuildFile; fileRef = EC7EB1CD1904949900B5D7CA /* AppDelegate.m */; };
		EC7EB1D11904949900B5D7CA /* Main.storyboard in Resources */ = {isa = PBXBuildFile; fileRef = EC7EB1CF1904949900B5D7CA /* Main.storyboard */; };
		EC7EB1D91904949900B5D7CA /* Images.xcassets in Resources */ = {isa = PBXBuildFile; fileRef = EC7EB1D81904949900B5D7CA /* Images.xcassets */; };
		EC7EB1E01904949900B5D7CA /* XCTest.framework in Frameworks */ = {isa = PBXBuildFile; fileRef = EC7EB1DF1904949900B5D7CA /* XCTest.framework */; };
		EC7EB1E11904949900B5D7CA /* Foundation.framework in Frameworks */ = {isa = PBXBuildFile; fileRef = EC7EB1BD1904949900B5D7CA /* Foundation.framework */; };
		EC7EB1E21904949900B5D7CA /* UIKit.framework in Frameworks */ = {isa = PBXBuildFile; fileRef = EC7EB1C11904949900B5D7CA /* UIKit.framework */; };
		EC7EB1EA1904949900B5D7CA /* InfoPlist.strings in Resources */ = {isa = PBXBuildFile; fileRef = EC7EB1E81904949900B5D7CA /* InfoPlist.strings */; };
		EC7EB1EC1904949900B5D7CA /* Sun_ClockTests.m in Sources */ = {isa = PBXBuildFile; fileRef = EC7EB1EB1904949900B5D7CA /* Sun_ClockTests.m */; };
		EC7EB1F61904994400B5D7CA /* us_cities_with_timezones.sl3 in Resources */ = {isa = PBXBuildFile; fileRef = EC7EB1F51904994400B5D7CA /* us_cities_with_timezones.sl3 */; };
		EC7EB1F919049B9300B5D7CA /* StateTableViewController.m in Sources */ = {isa = PBXBuildFile; fileRef = EC7EB1F819049B9300B5D7CA /* StateTableViewController.m */; };
		EC7EB1FD19049F9700B5D7CA /* US_Cities_DB.m in Sources */ = {isa = PBXBuildFile; fileRef = EC7EB1FC19049F9700B5D7CA /* US_Cities_DB.m */; };
		EC7EB2001904C87F00B5D7CA /* libsqlite3.dylib in Frameworks */ = {isa = PBXBuildFile; fileRef = EC7EB1FF1904C87F00B5D7CA /* libsqlite3.dylib */; };
		EC7EB2031906C11E00B5D7CA /* City.m in Sources */ = {isa = PBXBuildFile; fileRef = EC7EB2021906C11E00B5D7CA /* City.m */; };
		EC7EB2061906C1EC00B5D7CA /* CoreLocation.framework in Frameworks */ = {isa = PBXBuildFile; fileRef = EC7EB2051906C1EC00B5D7CA /* CoreLocation.framework */; };
		ECB7BACF1908D0AD00BABDD5 /* libiOS-Nova.a in Frameworks */ = {isa = PBXBuildFile; fileRef = ECB7BACE1908D0AD00BABDD5 /* libiOS-Nova.a */; };
		ECFFBE6E190DF8180046A504 /* CityTableViewController.m in Sources */ = {isa = PBXBuildFile; fileRef = ECFFBE6D190DF8180046A504 /* CityTableViewController.m */; };
		ECFFBE71190DF88E0046A504 /* SunClockView.m in Sources */ = {isa = PBXBuildFile; fileRef = ECFFBE70190DF88E0046A504 /* SunClockView.m */; };
		ECFFBE75190DF9DF0046A504 /* SunClockViewController.m in Sources */ = {isa = PBXBuildFile; fileRef = ECFFBE74190DF9DF0046A504 /* SunClockViewController.m */; };
/* End PBXBuildFile section */

/* Begin PBXContainerItemProxy section */
		EC7EB1E31904949900B5D7CA /* PBXContainerItemProxy */ = {
			isa = PBXContainerItemProxy;
			containerPortal = EC7EB1B21904949900B5D7CA /* Project object */;
			proxyType = 1;
			remoteGlobalIDString = EC7EB1B91904949900B5D7CA;
			remoteInfo = "Sun Clock";
		};
/* End PBXContainerItemProxy section */

/* Begin PBXFileReference section */
		EC7EB1BA1904949900B5D7CA /* Sun Clock.app */ = {isa = PBXFileReference; explicitFileType = wrapper.application; includeInIndex = 0; path = "Sun Clock.app"; sourceTree = BUILT_PRODUCTS_DIR; };
		EC7EB1BD1904949900B5D7CA /* Foundation.framework */ = {isa = PBXFileReference; lastKnownFileType = wrapper.framework; name = Foundation.framework; path = System/Library/Frameworks/Foundation.framework; sourceTree = SDKROOT; };
		EC7EB1BF1904949900B5D7CA /* CoreGraphics.framework */ = {isa = PBXFileReference; lastKnownFileType = wrapper.framework; name = CoreGraphics.framework; path = System/Library/Frameworks/CoreGraphics.framework; sourceTree = SDKROOT; };
		EC7EB1C11904949900B5D7CA /* UIKit.framework */ = {isa = PBXFileReference; lastKnownFileType = wrapper.framework; name = UIKit.framework; path = System/Library/Frameworks/UIKit.framework; sourceTree = SDKROOT; };
		EC7EB1C51904949900B5D7CA /* Sun Clock-Info.plist */ = {isa = PBXFileReference; lastKnownFileType = text.plist.xml; path = "Sun Clock-Info.plist"; sourceTree = "<group>"; };
		EC7EB1C71904949900B5D7CA /* en */ = {isa = PBXFileReference; lastKnownFileType = text.plist.strings; name = en; path = en.lproj/InfoPlist.strings; sourceTree = "<group>"; };
		EC7EB1C91904949900B5D7CA /* main.m */ = {isa = PBXFileReference; lastKnownFileType = sourcecode.c.objc; path = main.m; sourceTree = "<group>"; };
		EC7EB1CB1904949900B5D7CA /* Sun Clock-Prefix.pch */ = {isa = PBXFileReference; lastKnownFileType = sourcecode.c.h; path = "Sun Clock-Prefix.pch"; sourceTree = "<group>"; };
		EC7EB1CC1904949900B5D7CA /* AppDelegate.h */ = {isa = PBXFileReference; lastKnownFileType = sourcecode.c.h; path = AppDelegate.h; sourceTree = "<group>"; };
		EC7EB1CD1904949900B5D7CA /* AppDelegate.m */ = {isa = PBXFileReference; lastKnownFileType = sourcecode.c.objc; path = AppDelegate.m; sourceTree = "<group>"; };
		EC7EB1D01904949900B5D7CA /* Base */ = {isa = PBXFileReference; lastKnownFileType = file.storyboard; name = Base; path = Base.lproj/Main.storyboard; sourceTree = "<group>"; };
		EC7EB1D81904949900B5D7CA /* Images.xcassets */ = {isa = PBXFileReference; lastKnownFileType = folder.assetcatalog; path = Images.xcassets; sourceTree = "<group>"; };
		EC7EB1DE1904949900B5D7CA /* Sun ClockTests.xctest */ = {isa = PBXFileReference; explicitFileType = wrapper.cfbundle; includeInIndex = 0; path = "Sun ClockTests.xctest"; sourceTree = BUILT_PRODUCTS_DIR; };
		EC7EB1DF1904949900B5D7CA /* XCTest.framework */ = {isa = PBXFileReference; lastKnownFileType = wrapper.framework; name = XCTest.framework; path = Library/Frameworks/XCTest.framework; sourceTree = DEVELOPER_DIR; };
		EC7EB1E71904949900B5D7CA /* Sun ClockTests-Info.plist */ = {isa = PBXFileReference; lastKnownFileType = text.plist.xml; path = "Sun ClockTests-Info.plist"; sourceTree = "<group>"; };
		EC7EB1E91904949900B5D7CA /* en */ = {isa = PBXFileReference; lastKnownFileType = text.plist.strings; name = en; path = en.lproj/InfoPlist.strings; sourceTree = "<group>"; };
		EC7EB1EB1904949900B5D7CA /* Sun_ClockTests.m */ = {isa = PBXFileReference; lastKnownFileType = sourcecode.c.objc; path = Sun_ClockTests.m; sourceTree = "<group>"; };
		EC7EB1F51904994400B5D7CA /* us_cities_with_timezones.sl3 */ = {isa = PBXFileReference; lastKnownFileType = file; path = us_cities_with_timezones.sl3; sourceTree = "<group>"; };
		EC7EB1F719049B9300B5D7CA /* StateTableViewController.h */ = {isa = PBXFileReference; fileEncoding = 4; lastKnownFileType = sourcecode.c.h; name = StateTableViewController.h; path = ViewControllers/StateTableViewController.h; sourceTree = "<group>"; };
		EC7EB1F819049B9300B5D7CA /* StateTableViewController.m */ = {isa = PBXFileReference; fileEncoding = 4; lastKnownFileType = sourcecode.c.objc; name = StateTableViewController.m; path = ViewControllers/StateTableViewController.m; sourceTree = "<group>"; };
		EC7EB1FB19049F9700B5D7CA /* US_Cities_DB.h */ = {isa = PBXFileReference; fileEncoding = 4; lastKnownFileType = sourcecode.c.h; name = US_Cities_DB.h; path = "Data Models/US_Cities_DB.h"; sourceTree = "<group>"; };
		EC7EB1FC19049F9700B5D7CA /* US_Cities_DB.m */ = {isa = PBXFileReference; fileEncoding = 4; lastKnownFileType = sourcecode.c.objc; name = US_Cities_DB.m; path = "Data Models/US_Cities_DB.m"; sourceTree = "<group>"; };
		EC7EB1FF1904C87F00B5D7CA /* libsqlite3.dylib */ = {isa = PBXFileReference; lastKnownFileType = "compiled.mach-o.dylib"; name = libsqlite3.dylib; path = usr/lib/libsqlite3.dylib; sourceTree = SDKROOT; };
		EC7EB2011906C11E00B5D7CA /* City.h */ = {isa = PBXFileReference; fileEncoding = 4; lastKnownFileType = sourcecode.c.h; name = City.h; path = Objects/City.h; sourceTree = "<group>"; };
		EC7EB2021906C11E00B5D7CA /* City.m */ = {isa = PBXFileReference; fileEncoding = 4; lastKnownFileType = sourcecode.c.objc; name = City.m; path = Objects/City.m; sourceTree = "<group>"; };
		EC7EB2051906C1EC00B5D7CA /* CoreLocation.framework */ = {isa = PBXFileReference; lastKnownFileType = wrapper.framework; name = CoreLocation.framework; path = System/Library/Frameworks/CoreLocation.framework; sourceTree = SDKROOT; };
		ECB7BACE1908D0AD00BABDD5 /* libiOS-Nova.a */ = {isa = PBXFileReference; lastKnownFileType = archive.ar; name = "libiOS-Nova.a"; path = "../iOS-Nova/build/Debug-iphoneos/libiOS-Nova.a"; sourceTree = "<group>"; };
		ECFFBE6C190DF8180046A504 /* CityTableViewController.h */ = {isa = PBXFileReference; fileEncoding = 4; lastKnownFileType = sourcecode.c.h; name = CityTableViewController.h; path = ViewControllers/CityTableViewController.h; sourceTree = "<group>"; };
		ECFFBE6D190DF8180046A504 /* CityTableViewController.m */ = {isa = PBXFileReference; fileEncoding = 4; lastKnownFileType = sourcecode.c.objc; name = CityTableViewController.m; path = ViewControllers/CityTableViewController.m; sourceTree = "<group>"; };
		ECFFBE6F190DF88E0046A504 /* SunClockView.h */ = {isa = PBXFileReference; fileEncoding = 4; lastKnownFileType = sourcecode.c.h; name = SunClockView.h; path = Views/SunClockView.h; sourceTree = "<group>"; };
		ECFFBE70190DF88E0046A504 /* SunClockView.m */ = {isa = PBXFileReference; fileEncoding = 4; lastKnownFileType = sourcecode.c.objc; name = SunClockView.m; path = Views/SunClockView.m; sourceTree = "<group>"; };
		ECFFBE73190DF9DF0046A504 /* SunClockViewController.h */ = {isa = PBXFileReference; fileEncoding = 4; lastKnownFileType = sourcecode.c.h; name = SunClockViewController.h; path = ViewControllers/SunClockViewController.h; sourceTree = "<group>"; };
		ECFFBE74190DF9DF0046A504 /* SunClockViewController.m */ = {isa = PBXFileReference; fileEncoding = 4; lastKnownFileType = sourcecode.c.objc; name = SunClockViewController.m; path = ViewControllers/SunClockViewController.m; sourceTree = "<group>"; };
/* End PBXFileReference section */

/* Begin PBXFrameworksBuildPhase section */
		EC7EB1B71904949900B5D7CA /* Frameworks */ = {
			isa = PBXFrameworksBuildPhase;
			buildActionMask = 2147483647;
			files = (
				ECB7BACF1908D0AD00BABDD5 /* libiOS-Nova.a in Frameworks */,
				EC7EB2001904C87F00B5D7CA /* libsqlite3.dylib in Frameworks */,
				EC7EB2061906C1EC00B5D7CA /* CoreLocation.framework in Frameworks */,
				EC7EB1C01904949900B5D7CA /* CoreGraphics.framework in Frameworks */,
				EC7EB1C21904949900B5D7CA /* UIKit.framework in Frameworks */,
				EC7EB1BE1904949900B5D7CA /* Foundation.framework in Frameworks */,
			);
			runOnlyForDeploymentPostprocessing = 0;
		};
		EC7EB1DB1904949900B5D7CA /* Frameworks */ = {
			isa = PBXFrameworksBuildPhase;
			buildActionMask = 2147483647;
			files = (
				EC7EB1E01904949900B5D7CA /* XCTest.framework in Frameworks */,
				EC7EB1E21904949900B5D7CA /* UIKit.framework in Frameworks */,
				EC7EB1E11904949900B5D7CA /* Foundation.framework in Frameworks */,
			);
			runOnlyForDeploymentPostprocessing = 0;
		};
/* End PBXFrameworksBuildPhase section */

/* Begin PBXGroup section */
		EC7EB1B11904949900B5D7CA = {
			isa = PBXGroup;
			children = (
				EC7EB1C31904949900B5D7CA /* Sun Clock */,
				EC7EB1E51904949900B5D7CA /* Sun ClockTests */,
				EC7EB1BC1904949900B5D7CA /* Frameworks */,
				EC7EB1BB1904949900B5D7CA /* Products */,
			);
			sourceTree = "<group>";
		};
		EC7EB1BB1904949900B5D7CA /* Products */ = {
			isa = PBXGroup;
			children = (
				EC7EB1BA1904949900B5D7CA /* Sun Clock.app */,
				EC7EB1DE1904949900B5D7CA /* Sun ClockTests.xctest */,
			);
			name = Products;
			sourceTree = "<group>";
		};
		EC7EB1BC1904949900B5D7CA /* Frameworks */ = {
			isa = PBXGroup;
			children = (
				ECB7BACE1908D0AD00BABDD5 /* libiOS-Nova.a */,
				EC7EB2051906C1EC00B5D7CA /* CoreLocation.framework */,
				EC7EB1FF1904C87F00B5D7CA /* libsqlite3.dylib */,
				EC7EB1BD1904949900B5D7CA /* Foundation.framework */,
				EC7EB1BF1904949900B5D7CA /* CoreGraphics.framework */,
				EC7EB1C11904949900B5D7CA /* UIKit.framework */,
				EC7EB1DF1904949900B5D7CA /* XCTest.framework */,
			);
			name = Frameworks;
			sourceTree = "<group>";
		};
		EC7EB1C31904949900B5D7CA /* Sun Clock */ = {
			isa = PBXGroup;
			children = (
				EC7EB1CC1904949900B5D7CA /* AppDelegate.h */,
				EC7EB1CD1904949900B5D7CA /* AppDelegate.m */,
				EC7EB1CF1904949900B5D7CA /* Main.storyboard */,
				EC7EB2041906C12A00B5D7CA /* Objects */,
				EC7EB1FE19049F9C00B5D7CA /* Data Models */,
				EC7EB1FA19049B9C00B5D7CA /* View Controllers */,
				ECFFBE72190DF8940046A504 /* Views */,
				EC7EB1D81904949900B5D7CA /* Images.xcassets */,
				EC7EB1C41904949900B5D7CA /* Supporting Files */,
			);
			path = "Sun Clock";
			sourceTree = "<group>";
		};
		EC7EB1C41904949900B5D7CA /* Supporting Files */ = {
			isa = PBXGroup;
			children = (
				EC7EB1F51904994400B5D7CA /* us_cities_with_timezones.sl3 */,
				EC7EB1C51904949900B5D7CA /* Sun Clock-Info.plist */,
				EC7EB1C61904949900B5D7CA /* InfoPlist.strings */,
				EC7EB1C91904949900B5D7CA /* main.m */,
				EC7EB1CB1904949900B5D7CA /* Sun Clock-Prefix.pch */,
			);
			name = "Supporting Files";
			sourceTree = "<group>";
		};
		EC7EB1E51904949900B5D7CA /* Sun ClockTests */ = {
			isa = PBXGroup;
			children = (
				EC7EB1EB1904949900B5D7CA /* Sun_ClockTests.m */,
				EC7EB1E61904949900B5D7CA /* Supporting Files */,
			);
			path = "Sun ClockTests";
			sourceTree = "<group>";
		};
		EC7EB1E61904949900B5D7CA /* Supporting Files */ = {
			isa = PBXGroup;
			children = (
				EC7EB1E71904949900B5D7CA /* Sun ClockTests-Info.plist */,
				EC7EB1E81904949900B5D7CA /* InfoPlist.strings */,
			);
			name = "Supporting Files";
			sourceTree = "<group>";
		};
		EC7EB1FA19049B9C00B5D7CA /* View Controllers */ = {
			isa = PBXGroup;
			children = (
				EC7EB1F719049B9300B5D7CA /* StateTableViewController.h */,
				EC7EB1F819049B9300B5D7CA /* StateTableViewController.m */,
				ECFFBE6C190DF8180046A504 /* CityTableViewController.h */,
				ECFFBE6D190DF8180046A504 /* CityTableViewController.m */,
				ECFFBE73190DF9DF0046A504 /* SunClockViewController.h */,
				ECFFBE74190DF9DF0046A504 /* SunClockViewController.m */,
			);
			name = "View Controllers";
			sourceTree = "<group>";
		};
		EC7EB1FE19049F9C00B5D7CA /* Data Models */ = {
			isa = PBXGroup;
			children = (
				EC7EB1FB19049F9700B5D7CA /* US_Cities_DB.h */,
				EC7EB1FC19049F9700B5D7CA /* US_Cities_DB.m */,
			);
			name = "Data Models";
			sourceTree = "<group>";
		};
		EC7EB2041906C12A00B5D7CA /* Objects */ = {
			isa = PBXGroup;
			children = (
				EC7EB2011906C11E00B5D7CA /* City.h */,
				EC7EB2021906C11E00B5D7CA /* City.m */,
			);
			name = Objects;
			sourceTree = "<group>";
		};
		ECFFBE72190DF8940046A504 /* Views */ = {
			isa = PBXGroup;
			children = (
				ECFFBE6F190DF88E0046A504 /* SunClockView.h */,
				ECFFBE70190DF88E0046A504 /* SunClockView.m */,
			);
			name = Views;
			sourceTree = "<group>";
		};
/* End PBXGroup section */

/* Begin PBXNativeTarget section */
		EC7EB1B91904949900B5D7CA /* Sun Clock */ = {
			isa = PBXNativeTarget;
			buildConfigurationList = EC7EB1EF1904949900B5D7CA /* Build configuration list for PBXNativeTarget "Sun Clock" */;
			buildPhases = (
				EC7EB1B61904949900B5D7CA /* Sources */,
				EC7EB1B71904949900B5D7CA /* Frameworks */,
				EC7EB1B81904949900B5D7CA /* Resources */,
			);
			buildRules = (
			);
			dependencies = (
			);
			name = "Sun Clock";
			productName = "Sun Clock";
			productReference = EC7EB1BA1904949900B5D7CA /* Sun Clock.app */;
			productType = "com.apple.product-type.application";
		};
		EC7EB1DD1904949900B5D7CA /* Sun ClockTests */ = {
			isa = PBXNativeTarget;
			buildConfigurationList = EC7EB1F21904949900B5D7CA /* Build configuration list for PBXNativeTarget "Sun ClockTests" */;
			buildPhases = (
				EC7EB1DA1904949900B5D7CA /* Sources */,
				EC7EB1DB1904949900B5D7CA /* Frameworks */,
				EC7EB1DC1904949900B5D7CA /* Resources */,
			);
			buildRules = (
			);
			dependencies = (
				EC7EB1E41904949900B5D7CA /* PBXTargetDependency */,
			);
			name = "Sun ClockTests";
			productName = "Sun ClockTests";
			productReference = EC7EB1DE1904949900B5D7CA /* Sun ClockTests.xctest */;
			productType = "com.apple.product-type.bundle.unit-test";
		};
/* End PBXNativeTarget section */

/* Begin PBXProject section */
		EC7EB1B21904949900B5D7CA /* Project object */ = {
			isa = PBXProject;
			attributes = {
				LastUpgradeCheck = 0510;
				ORGANIZATIONNAME = "David McLaren";
				TargetAttributes = {
					EC7EB1DD1904949900B5D7CA = {
						TestTargetID = EC7EB1B91904949900B5D7CA;
					};
				};
			};
			buildConfigurationList = EC7EB1B51904949900B5D7CA /* Build configuration list for PBXProject "Sun Clock" */;
			compatibilityVersion = "Xcode 3.2";
			developmentRegion = English;
			hasScannedForEncodings = 0;
			knownRegions = (
				en,
				Base,
			);
			mainGroup = EC7EB1B11904949900B5D7CA;
			productRefGroup = EC7EB1BB1904949900B5D7CA /* Products */;
			projectDirPath = "";
			projectRoot = "";
			targets = (
				EC7EB1B91904949900B5D7CA /* Sun Clock */,
				EC7EB1DD1904949900B5D7CA /* Sun ClockTests */,
			);
		};
/* End PBXProject section */

/* Begin PBXResourcesBuildPhase section */
		EC7EB1B81904949900B5D7CA /* Resources */ = {
			isa = PBXResourcesBuildPhase;
			buildActionMask = 2147483647;
			files = (
				EC7EB1F61904994400B5D7CA /* us_cities_with_timezones.sl3 in Resources */,
				EC7EB1D91904949900B5D7CA /* Images.xcassets in Resources */,
				EC7EB1C81904949900B5D7CA /* InfoPlist.strings in Resources */,
				EC7EB1D11904949900B5D7CA /* Main.storyboard in Resources */,
			);
			runOnlyForDeploymentPostprocessing = 0;
		};
		EC7EB1DC1904949900B5D7CA /* Resources */ = {
			isa = PBXResourcesBuildPhase;
			buildActionMask = 2147483647;
			files = (
				EC7EB1EA1904949900B5D7CA /* InfoPlist.strings in Resources */,
			);
			runOnlyForDeploymentPostprocessing = 0;
		};
/* End PBXResourcesBuildPhase section */

/* Begin PBXSourcesBuildPhase section */
		EC7EB1B61904949900B5D7CA /* Sources */ = {
			isa = PBXSourcesBuildPhase;
			buildActionMask = 2147483647;
			files = (
				ECFFBE6E190DF8180046A504 /* CityTableViewController.m in Sources */,
				ECFFBE71190DF88E0046A504 /* SunClockView.m in Sources */,
				EC7EB2031906C11E00B5D7CA /* City.m in Sources */,
				EC7EB1F919049B9300B5D7CA /* StateTableViewController.m in Sources */,
				ECFFBE75190DF9DF0046A504 /* SunClockViewController.m in Sources */,
				EC7EB1CE1904949900B5D7CA /* AppDelegate.m in Sources */,
				EC7EB1FD19049F9700B5D7CA /* US_Cities_DB.m in Sources */,
				EC7EB1CA1904949900B5D7CA /* main.m in Sources */,
			);
			runOnlyForDeploymentPostprocessing = 0;
		};
		EC7EB1DA1904949900B5D7CA /* Sources */ = {
			isa = PBXSourcesBuildPhase;
			buildActionMask = 2147483647;
			files = (
				EC7EB1EC1904949900B5D7CA /* Sun_ClockTests.m in Sources */,
			);
			runOnlyForDeploymentPostprocessing = 0;
		};
/* End PBXSourcesBuildPhase section */

/* Begin PBXTargetDependency section */
		EC7EB1E41904949900B5D7CA /* PBXTargetDependency */ = {
			isa = PBXTargetDependency;
			target = EC7EB1B91904949900B5D7CA /* Sun Clock */;
			targetProxy = EC7EB1E31904949900B5D7CA /* PBXContainerItemProxy */;
		};
/* End PBXTargetDependency section */

/* Begin PBXVariantGroup section */
		EC7EB1C61904949900B5D7CA /* InfoPlist.strings */ = {
			isa = PBXVariantGroup;
			children = (
				EC7EB1C71904949900B5D7CA /* en */,
			);
			name = InfoPlist.strings;
			sourceTree = "<group>";
		};
		EC7EB1CF1904949900B5D7CA /* Main.storyboard */ = {
			isa = PBXVariantGroup;
			children = (
				EC7EB1D01904949900B5D7CA /* Base */,
			);
			name = Main.storyboard;
			sourceTree = "<group>";
		};
		EC7EB1E81904949900B5D7CA /* InfoPlist.strings */ = {
			isa = PBXVariantGroup;
			children = (
				EC7EB1E91904949900B5D7CA /* en */,
			);
			name = InfoPlist.strings;
			sourceTree = "<group>";
		};
/* End PBXVariantGroup section */

/* Begin XCBuildConfiguration section */
		EC7EB1ED1904949900B5D7CA /* Debug */ = {
			isa = XCBuildConfiguration;
			buildSettings = {
				ALWAYS_SEARCH_USER_PATHS = NO;
				CLANG_CXX_LANGUAGE_STANDARD = "gnu++0x";
				CLANG_CXX_LIBRARY = "libc++";
				CLANG_ENABLE_MODULES = YES;
				CLANG_ENABLE_OBJC_ARC = YES;
				CLANG_WARN_BOOL_CONVERSION = YES;
				CLANG_WARN_CONSTANT_CONVERSION = YES;
				CLANG_WARN_DIRECT_OBJC_ISA_USAGE = YES_ERROR;
				CLANG_WARN_EMPTY_BODY = YES;
				CLANG_WARN_ENUM_CONVERSION = YES;
				CLANG_WARN_INT_CONVERSION = YES;
				CLANG_WARN_OBJC_ROOT_CLASS = YES_ERROR;
				CLANG_WARN__DUPLICATE_METHOD_MATCH = YES;
				"CODE_SIGN_IDENTITY[sdk=iphoneos*]" = "iPhone Developer";
				COPY_PHASE_STRIP = NO;
				GCC_C_LANGUAGE_STANDARD = gnu99;
				GCC_DYNAMIC_NO_PIC = NO;
				GCC_OPTIMIZATION_LEVEL = 0;
				GCC_PREPROCESSOR_DEFINITIONS = (
					"DEBUG=1",
					"$(inherited)",
				);
				GCC_SYMBOLS_PRIVATE_EXTERN = NO;
				GCC_WARN_64_TO_32_BIT_CONVERSION = YES;
				GCC_WARN_ABOUT_RETURN_TYPE = YES_ERROR;
				GCC_WARN_UNDECLARED_SELECTOR = YES;
				GCC_WARN_UNINITIALIZED_AUTOS = YES_AGGRESSIVE;
				GCC_WARN_UNUSED_FUNCTION = YES;
				GCC_WARN_UNUSED_VARIABLE = YES;
				IPHONEOS_DEPLOYMENT_TARGET = 7.1;
				ONLY_ACTIVE_ARCH = YES;
				SDKROOT = iphoneos;
			};
			name = Debug;
		};
		EC7EB1EE1904949900B5D7CA /* Release */ = {
			isa = XCBuildConfiguration;
			buildSettings = {
				ALWAYS_SEARCH_USER_PATHS = NO;
				CLANG_CXX_LANGUAGE_STANDARD = "gnu++0x";
				CLANG_CXX_LIBRARY = "libc++";
				CLANG_ENABLE_MODULES = YES;
				CLANG_ENABLE_OBJC_ARC = YES;
				CLANG_WARN_BOOL_CONVERSION = YES;
				CLANG_WARN_CONSTANT_CONVERSION = YES;
				CLANG_WARN_DIRECT_OBJC_ISA_USAGE = YES_ERROR;
				CLANG_WARN_EMPTY_BODY = YES;
				CLANG_WARN_ENUM_CONVERSION = YES;
				CLANG_WARN_INT_CONVERSION = YES;
				CLANG_WARN_OBJC_ROOT_CLASS = YES_ERROR;
				CLANG_WARN__DUPLICATE_METHOD_MATCH = YES;
				"CODE_SIGN_IDENTITY[sdk=iphoneos*]" = "iPhone Developer";
				COPY_PHASE_STRIP = YES;
				ENABLE_NS_ASSERTIONS = NO;
				GCC_C_LANGUAGE_STANDARD = gnu99;
				GCC_WARN_64_TO_32_BIT_CONVERSION = YES;
				GCC_WARN_ABOUT_RETURN_TYPE = YES_ERROR;
				GCC_WARN_UNDECLARED_SELECTOR = YES;
				GCC_WARN_UNINITIALIZED_AUTOS = YES_AGGRESSIVE;
				GCC_WARN_UNUSED_FUNCTION = YES;
				GCC_WARN_UNUSED_VARIABLE = YES;
				IPHONEOS_DEPLOYMENT_TARGET = 7.1;
				SDKROOT = iphoneos;
				VALIDATE_PRODUCT = YES;
			};
			name = Release;
		};
		EC7EB1F01904949900B5D7CA /* Debug */ = {
			isa = XCBuildConfiguration;
			buildSettings = {
				ASSETCATALOG_COMPILER_APPICON_NAME = AppIcon;
				ASSETCATALOG_COMPILER_LAUNCHIMAGE_NAME = LaunchImage;
				GCC_PRECOMPILE_PREFIX_HEADER = YES;
				GCC_PREFIX_HEADER = "Sun Clock/Sun Clock-Prefix.pch";
				HEADER_SEARCH_PATHS = (
					"$(inherited)",
					/Applications/Xcode.app/Contents/Developer/Toolchains/XcodeDefault.xctoolchain/usr/include,
					"$(BUILD_PROJECT_DIR)/usr/local/include",
				);
				INFOPLIST_FILE = "Sun Clock/Sun Clock-Info.plist";
				LIBRARY_SEARCH_PATHS = (
					"$(inherited)",
					/Users/sirusblk/Documents/School/Coding/CPSC,
					"411/iOS-Nova/build/Debug-iphoneos",
				);
				PRODUCT_NAME = "$(TARGET_NAME)";
				WRAPPER_EXTENSION = app;
			};
			name = Debug;
		};
		EC7EB1F11904949900B5D7CA /* Release */ = {
			isa = XCBuildConfiguration;
			buildSettings = {
				ASSETCATALOG_COMPILER_APPICON_NAME = AppIcon;
				ASSETCATALOG_COMPILER_LAUNCHIMAGE_NAME = LaunchImage;
				GCC_PRECOMPILE_PREFIX_HEADER = YES;
				GCC_PREFIX_HEADER = "Sun Clock/Sun Clock-Prefix.pch";
				HEADER_SEARCH_PATHS = (
					"$(inherited)",
					/Applications/Xcode.app/Contents/Developer/Toolchains/XcodeDefault.xctoolchain/usr/include,
					"$(BUILD_PROJECT_DIR)/usr/local/include",
				);
				INFOPLIST_FILE = "Sun Clock/Sun Clock-Info.plist";
				LIBRARY_SEARCH_PATHS = (
					"$(inherited)",
					/Users/sirusblk/Documents/School/Coding/CPSC,
					"411/iOS-Nova/build/Debug-iphoneos",
				);
				PRODUCT_NAME = "$(TARGET_NAME)";
				WRAPPER_EXTENSION = app;
			};
			name = Release;
		};
		EC7EB1F31904949900B5D7CA /* Debug */ = {
			isa = XCBuildConfiguration;
			buildSettings = {
				BUNDLE_LOADER = "$(BUILT_PRODUCTS_DIR)/Sun Clock.app/Sun Clock";
				FRAMEWORK_SEARCH_PATHS = (
					"$(SDKROOT)/Developer/Library/Frameworks",
					"$(inherited)",
					"$(DEVELOPER_FRAMEWORKS_DIR)",
				);
				GCC_PRECOMPILE_PREFIX_HEADER = YES;
				GCC_PREFIX_HEADER = "Sun Clock/Sun Clock-Prefix.pch";
				GCC_PREPROCESSOR_DEFINITIONS = (
					"DEBUG=1",
					"$(inherited)",
				);
				INFOPLIST_FILE = "Sun ClockTests/Sun ClockTests-Info.plist";
				PRODUCT_NAME = "$(TARGET_NAME)";
				TEST_HOST = "$(BUNDLE_LOADER)";
				WRAPPER_EXTENSION = xctest;
			};
			name = Debug;
		};
		EC7EB1F41904949900B5D7CA /* Release */ = {
			isa = XCBuildConfiguration;
			buildSettings = {
				BUNDLE_LOADER = "$(BUILT_PRODUCTS_DIR)/Sun Clock.app/Sun Clock";
				FRAMEWORK_SEARCH_PATHS = (
					"$(SDKROOT)/Developer/Library/Frameworks",
					"$(inherited)",
					"$(DEVELOPER_FRAMEWORKS_DIR)",
				);
				GCC_PRECOMPILE_PREFIX_HEADER = YES;
				GCC_PREFIX_HEADER = "Sun Clock/Sun Clock-Prefix.pch";
				INFOPLIST_FILE = "Sun ClockTests/Sun ClockTests-Info.plist";
				PRODUCT_NAME = "$(TARGET_NAME)";
				TEST_HOST = "$(BUNDLE_LOADER)";
				WRAPPER_EXTENSION = xctest;
			};
			name = Release;
		};
/* End XCBuildConfiguration section */

/* Begin XCConfigurationList section */
		EC7EB1B51904949900B5D7CA /* Build configuration list for PBXProject "Sun Clock" */ = {
			isa = XCConfigurationList;
			buildConfigurations = (
				EC7EB1ED1904949900B5D7CA /* Debug */,
				EC7EB1EE1904949900B5D7CA /* Release */,
			);
			defaultConfigurationIsVisible = 0;
			defaultConfigurationName = Release;
		};
		EC7EB1EF1904949900B5D7CA /* Build configuration list for PBXNativeTarget "Sun Clock" */ = {
			isa = XCConfigurationList;
			buildConfigurations = (
				EC7EB1F01904949900B5D7CA /* Debug */,
				EC7EB1F11904949900B5D7CA /* Release */,
			);
			defaultConfigurationIsVisible = 0;
			defaultConfigurationName = Release;
		};
		EC7EB1F21904949900B5D7CA /* Build configuration list for PBXNativeTarget "Sun ClockTests" */ = {
			isa = XCConfigurationList;
			buildConfigurations = (
				EC7EB1F31904949900B5D7CA /* Debug */,
				EC7EB1F41904949900B5D7CA /* Release */,
			);
			defaultConfigurationIsVisible = 0;
			defaultConfigurationName = Release;
		};
/* End XCConfigurationList section */
	};
	rootObject = EC7EB1B21904949900B5D7CA /* Project object */;
}
