// !$*UTF8*$!
{
	archiveVersion = 1;
	classes = {
	};
	objectVersion = 46;
	objects = {

/* Begin PBXBuildFile section */
		EC1C7EBC18EF361700332D70 /* Foundation.framework in Frameworks */ = {isa = PBXBuildFile; fileRef = EC1C7EBB18EF361700332D70 /* Foundation.framework */; };
		EC1C7EBE18EF361800332D70 /* CoreGraphics.framework in Frameworks */ = {isa = PBXBuildFile; fileRef = EC1C7EBD18EF361800332D70 /* CoreGraphics.framework */; };
		EC1C7EC018EF361800332D70 /* UIKit.framework in Frameworks */ = {isa = PBXBuildFile; fileRef = EC1C7EBF18EF361800332D70 /* UIKit.framework */; };
		EC1C7EC618EF361800332D70 /* InfoPlist.strings in Resources */ = {isa = PBXBuildFile; fileRef = EC1C7EC418EF361800332D70 /* InfoPlist.strings */; };
		EC1C7EC818EF361800332D70 /* main.m in Sources */ = {isa = PBXBuildFile; fileRef = EC1C7EC718EF361800332D70 /* main.m */; };
		EC1C7ECC18EF361800332D70 /* AppDelegate.m in Sources */ = {isa = PBXBuildFile; fileRef = EC1C7ECB18EF361800332D70 /* AppDelegate.m */; };
		EC1C7ECF18EF361800332D70 /* Main.storyboard in Resources */ = {isa = PBXBuildFile; fileRef = EC1C7ECD18EF361800332D70 /* Main.storyboard */; };
		EC1C7ED718EF361800332D70 /* Images.xcassets in Resources */ = {isa = PBXBuildFile; fileRef = EC1C7ED618EF361800332D70 /* Images.xcassets */; };
		EC1C7EDE18EF361800332D70 /* XCTest.framework in Frameworks */ = {isa = PBXBuildFile; fileRef = EC1C7EDD18EF361800332D70 /* XCTest.framework */; };
		EC1C7EDF18EF361800332D70 /* Foundation.framework in Frameworks */ = {isa = PBXBuildFile; fileRef = EC1C7EBB18EF361700332D70 /* Foundation.framework */; };
		EC1C7EE018EF361800332D70 /* UIKit.framework in Frameworks */ = {isa = PBXBuildFile; fileRef = EC1C7EBF18EF361800332D70 /* UIKit.framework */; };
		EC1C7EE818EF361800332D70 /* InfoPlist.strings in Resources */ = {isa = PBXBuildFile; fileRef = EC1C7EE618EF361800332D70 /* InfoPlist.strings */; };
		EC1C7EEA18EF361800332D70 /* Mass_TransitTests.m in Sources */ = {isa = PBXBuildFile; fileRef = EC1C7EE918EF361800332D70 /* Mass_TransitTests.m */; };
		EC1C7EF818EF3D4300332D70 /* metrolink.png in Resources */ = {isa = PBXBuildFile; fileRef = EC1C7EF418EF3D4300332D70 /* metrolink.png */; };
		EC1C7EF918EF3D4300332D70 /* metrolink@2x.png in Resources */ = {isa = PBXBuildFile; fileRef = EC1C7EF518EF3D4300332D70 /* metrolink@2x.png */; };
		EC1C7EFA18EF3D4300332D70 /* octa.png in Resources */ = {isa = PBXBuildFile; fileRef = EC1C7EF618EF3D4300332D70 /* octa.png */; };
		EC1C7EFB18EF3D4300332D70 /* octa@2x.png in Resources */ = {isa = PBXBuildFile; fileRef = EC1C7EF718EF3D4300332D70 /* octa@2x.png */; };
		EC1C7EFE18EF46B600332D70 /* OCTAMapViewController.m in Sources */ = {isa = PBXBuildFile; fileRef = EC1C7EFD18EF46B600332D70 /* OCTAMapViewController.m */; };
		EC1C7F0118EF482F00332D70 /* train@2x.png in Resources */ = {isa = PBXBuildFile; fileRef = EC1C7EFF18EF482F00332D70 /* train@2x.png */; };
		EC1C7F0218EF482F00332D70 /* train.png in Resources */ = {isa = PBXBuildFile; fileRef = EC1C7F0018EF482F00332D70 /* train.png */; };
		EC1C7F0518EF4C5100332D70 /* bus@2x.png in Resources */ = {isa = PBXBuildFile; fileRef = EC1C7F0318EF4C5100332D70 /* bus@2x.png */; };
		EC1C7F0618EF4C5100332D70 /* bus.png in Resources */ = {isa = PBXBuildFile; fileRef = EC1C7F0418EF4C5100332D70 /* bus.png */; };
		EC1C7F0918EF4CFA00332D70 /* MetrolinkMapViewController.m in Sources */ = {isa = PBXBuildFile; fileRef = EC1C7F0818EF4CFA00332D70 /* MetrolinkMapViewController.m */; };
		EC75E49018EF4FA50091213B /* OCTATableViewController.m in Sources */ = {isa = PBXBuildFile; fileRef = EC75E48F18EF4FA50091213B /* OCTATableViewController.m */; };
		EC75E49318EF5C970091213B /* MetrolinkTableViewController.m in Sources */ = {isa = PBXBuildFile; fileRef = EC75E49218EF5C970091213B /* MetrolinkTableViewController.m */; };
		EC75E49618EF61CF0091213B /* DetailViewController.m in Sources */ = {isa = PBXBuildFile; fileRef = EC75E49518EF61CF0091213B /* DetailViewController.m */; };
		EC75E49918EF67630091213B /* GTF_SQLiteDB.m in Sources */ = {isa = PBXBuildFile; fileRef = EC75E49818EF67630091213B /* GTF_SQLiteDB.m */; };
		EC75E49B18F0A61B0091213B /* libsqlite3.dylib in Frameworks */ = {isa = PBXBuildFile; fileRef = EC75E49A18F0A61B0091213B /* libsqlite3.dylib */; };
		EC75E4A018F0AFC80091213B /* Metrolink.sl3 in Resources */ = {isa = PBXBuildFile; fileRef = EC75E49E18F0AFC80091213B /* Metrolink.sl3 */; };
		EC75E4A118F0AFC80091213B /* OCTA.sl3 in Resources */ = {isa = PBXBuildFile; fileRef = EC75E49F18F0AFC80091213B /* OCTA.sl3 */; };
		EC75E4A418F0B4E10091213B /* TransitRoute.m in Sources */ = {isa = PBXBuildFile; fileRef = EC75E4A318F0B4E10091213B /* TransitRoute.m */; };
/* End PBXBuildFile section */

/* Begin PBXContainerItemProxy section */
		EC1C7EE118EF361800332D70 /* PBXContainerItemProxy */ = {
			isa = PBXContainerItemProxy;
			containerPortal = EC1C7EB018EF361700332D70 /* Project object */;
			proxyType = 1;
			remoteGlobalIDString = EC1C7EB718EF361700332D70;
			remoteInfo = "Mass Transit";
		};
/* End PBXContainerItemProxy section */

/* Begin PBXFileReference section */
		EC1C7EB818EF361700332D70 /* Mass Transit.app */ = {isa = PBXFileReference; explicitFileType = wrapper.application; includeInIndex = 0; path = "Mass Transit.app"; sourceTree = BUILT_PRODUCTS_DIR; };
		EC1C7EBB18EF361700332D70 /* Foundation.framework */ = {isa = PBXFileReference; lastKnownFileType = wrapper.framework; name = Foundation.framework; path = System/Library/Frameworks/Foundation.framework; sourceTree = SDKROOT; };
		EC1C7EBD18EF361800332D70 /* CoreGraphics.framework */ = {isa = PBXFileReference; lastKnownFileType = wrapper.framework; name = CoreGraphics.framework; path = System/Library/Frameworks/CoreGraphics.framework; sourceTree = SDKROOT; };
		EC1C7EBF18EF361800332D70 /* UIKit.framework */ = {isa = PBXFileReference; lastKnownFileType = wrapper.framework; name = UIKit.framework; path = System/Library/Frameworks/UIKit.framework; sourceTree = SDKROOT; };
		EC1C7EC318EF361800332D70 /* Mass Transit-Info.plist */ = {isa = PBXFileReference; lastKnownFileType = text.plist.xml; path = "Mass Transit-Info.plist"; sourceTree = "<group>"; };
		EC1C7EC518EF361800332D70 /* en */ = {isa = PBXFileReference; lastKnownFileType = text.plist.strings; name = en; path = en.lproj/InfoPlist.strings; sourceTree = "<group>"; };
		EC1C7EC718EF361800332D70 /* main.m */ = {isa = PBXFileReference; lastKnownFileType = sourcecode.c.objc; path = main.m; sourceTree = "<group>"; };
		EC1C7EC918EF361800332D70 /* Mass Transit-Prefix.pch */ = {isa = PBXFileReference; lastKnownFileType = sourcecode.c.h; path = "Mass Transit-Prefix.pch"; sourceTree = "<group>"; };
		EC1C7ECA18EF361800332D70 /* AppDelegate.h */ = {isa = PBXFileReference; lastKnownFileType = sourcecode.c.h; path = AppDelegate.h; sourceTree = "<group>"; };
		EC1C7ECB18EF361800332D70 /* AppDelegate.m */ = {isa = PBXFileReference; lastKnownFileType = sourcecode.c.objc; path = AppDelegate.m; sourceTree = "<group>"; };
		EC1C7ECE18EF361800332D70 /* Base */ = {isa = PBXFileReference; lastKnownFileType = file.storyboard; name = Base; path = Base.lproj/Main.storyboard; sourceTree = "<group>"; };
		EC1C7ED618EF361800332D70 /* Images.xcassets */ = {isa = PBXFileReference; lastKnownFileType = folder.assetcatalog; path = Images.xcassets; sourceTree = "<group>"; };
		EC1C7EDC18EF361800332D70 /* Mass TransitTests.xctest */ = {isa = PBXFileReference; explicitFileType = wrapper.cfbundle; includeInIndex = 0; path = "Mass TransitTests.xctest"; sourceTree = BUILT_PRODUCTS_DIR; };
		EC1C7EDD18EF361800332D70 /* XCTest.framework */ = {isa = PBXFileReference; lastKnownFileType = wrapper.framework; name = XCTest.framework; path = Library/Frameworks/XCTest.framework; sourceTree = DEVELOPER_DIR; };
		EC1C7EE518EF361800332D70 /* Mass TransitTests-Info.plist */ = {isa = PBXFileReference; lastKnownFileType = text.plist.xml; path = "Mass TransitTests-Info.plist"; sourceTree = "<group>"; };
		EC1C7EE718EF361800332D70 /* en */ = {isa = PBXFileReference; lastKnownFileType = text.plist.strings; name = en; path = en.lproj/InfoPlist.strings; sourceTree = "<group>"; };
		EC1C7EE918EF361800332D70 /* Mass_TransitTests.m */ = {isa = PBXFileReference; lastKnownFileType = sourcecode.c.objc; path = Mass_TransitTests.m; sourceTree = "<group>"; };
		EC1C7EF418EF3D4300332D70 /* metrolink.png */ = {isa = PBXFileReference; lastKnownFileType = image.png; path = metrolink.png; sourceTree = "<group>"; };
		EC1C7EF518EF3D4300332D70 /* metrolink@2x.png */ = {isa = PBXFileReference; lastKnownFileType = image.png; path = "metrolink@2x.png"; sourceTree = "<group>"; };
		EC1C7EF618EF3D4300332D70 /* octa.png */ = {isa = PBXFileReference; lastKnownFileType = image.png; path = octa.png; sourceTree = "<group>"; };
		EC1C7EF718EF3D4300332D70 /* octa@2x.png */ = {isa = PBXFileReference; lastKnownFileType = image.png; path = "octa@2x.png"; sourceTree = "<group>"; };
		EC1C7EFC18EF46B600332D70 /* OCTAMapViewController.h */ = {isa = PBXFileReference; fileEncoding = 4; lastKnownFileType = sourcecode.c.h; name = OCTAMapViewController.h; path = "View Controllers/OCTAMapViewController.h"; sourceTree = "<group>"; };
		EC1C7EFD18EF46B600332D70 /* OCTAMapViewController.m */ = {isa = PBXFileReference; fileEncoding = 4; lastKnownFileType = sourcecode.c.objc; name = OCTAMapViewController.m; path = "View Controllers/OCTAMapViewController.m"; sourceTree = "<group>"; };
		EC1C7EFF18EF482F00332D70 /* train@2x.png */ = {isa = PBXFileReference; lastKnownFileType = image.png; path = "train@2x.png"; sourceTree = "<group>"; };
		EC1C7F0018EF482F00332D70 /* train.png */ = {isa = PBXFileReference; lastKnownFileType = image.png; path = train.png; sourceTree = "<group>"; };
		EC1C7F0318EF4C5100332D70 /* bus@2x.png */ = {isa = PBXFileReference; lastKnownFileType = image.png; path = "bus@2x.png"; sourceTree = "<group>"; };
		EC1C7F0418EF4C5100332D70 /* bus.png */ = {isa = PBXFileReference; lastKnownFileType = image.png; path = bus.png; sourceTree = "<group>"; };
		EC1C7F0718EF4CFA00332D70 /* MetrolinkMapViewController.h */ = {isa = PBXFileReference; fileEncoding = 4; lastKnownFileType = sourcecode.c.h; name = MetrolinkMapViewController.h; path = "View Controllers/MetrolinkMapViewController.h"; sourceTree = "<group>"; };
		EC1C7F0818EF4CFA00332D70 /* MetrolinkMapViewController.m */ = {isa = PBXFileReference; fileEncoding = 4; lastKnownFileType = sourcecode.c.objc; name = MetrolinkMapViewController.m; path = "View Controllers/MetrolinkMapViewController.m"; sourceTree = "<group>"; };
		EC75E48E18EF4FA50091213B /* OCTATableViewController.h */ = {isa = PBXFileReference; fileEncoding = 4; lastKnownFileType = sourcecode.c.h; name = OCTATableViewController.h; path = "View Controllers/OCTATableViewController.h"; sourceTree = "<group>"; };
		EC75E48F18EF4FA50091213B /* OCTATableViewController.m */ = {isa = PBXFileReference; fileEncoding = 4; lastKnownFileType = sourcecode.c.objc; name = OCTATableViewController.m; path = "View Controllers/OCTATableViewController.m"; sourceTree = "<group>"; };
		EC75E49118EF5C970091213B /* MetrolinkTableViewController.h */ = {isa = PBXFileReference; fileEncoding = 4; lastKnownFileType = sourcecode.c.h; name = MetrolinkTableViewController.h; path = "View Controllers/MetrolinkTableViewController.h"; sourceTree = "<group>"; };
		EC75E49218EF5C970091213B /* MetrolinkTableViewController.m */ = {isa = PBXFileReference; fileEncoding = 4; lastKnownFileType = sourcecode.c.objc; name = MetrolinkTableViewController.m; path = "View Controllers/MetrolinkTableViewController.m"; sourceTree = "<group>"; };
		EC75E49418EF61CF0091213B /* DetailViewController.h */ = {isa = PBXFileReference; fileEncoding = 4; lastKnownFileType = sourcecode.c.h; path = DetailViewController.h; sourceTree = "<group>"; };
		EC75E49518EF61CF0091213B /* DetailViewController.m */ = {isa = PBXFileReference; fileEncoding = 4; lastKnownFileType = sourcecode.c.objc; path = DetailViewController.m; sourceTree = "<group>"; };
		EC75E49718EF67630091213B /* GTF_SQLiteDB.h */ = {isa = PBXFileReference; fileEncoding = 4; lastKnownFileType = sourcecode.c.h; path = GTF_SQLiteDB.h; sourceTree = "<group>"; };
		EC75E49818EF67630091213B /* GTF_SQLiteDB.m */ = {isa = PBXFileReference; fileEncoding = 4; lastKnownFileType = sourcecode.c.objc; path = GTF_SQLiteDB.m; sourceTree = "<group>"; };
		EC75E49A18F0A61B0091213B /* libsqlite3.dylib */ = {isa = PBXFileReference; lastKnownFileType = "compiled.mach-o.dylib"; name = libsqlite3.dylib; path = usr/lib/libsqlite3.dylib; sourceTree = SDKROOT; };
		EC75E49E18F0AFC80091213B /* Metrolink.sl3 */ = {isa = PBXFileReference; lastKnownFileType = file; path = Metrolink.sl3; sourceTree = "<group>"; };
		EC75E49F18F0AFC80091213B /* OCTA.sl3 */ = {isa = PBXFileReference; lastKnownFileType = file; path = OCTA.sl3; sourceTree = "<group>"; };
		EC75E4A218F0B4E10091213B /* TransitRoute.h */ = {isa = PBXFileReference; fileEncoding = 4; lastKnownFileType = sourcecode.c.h; path = TransitRoute.h; sourceTree = "<group>"; };
		EC75E4A318F0B4E10091213B /* TransitRoute.m */ = {isa = PBXFileReference; fileEncoding = 4; lastKnownFileType = sourcecode.c.objc; path = TransitRoute.m; sourceTree = "<group>"; };
/* End PBXFileReference section */

/* Begin PBXFrameworksBuildPhase section */
		EC1C7EB518EF361700332D70 /* Frameworks */ = {
			isa = PBXFrameworksBuildPhase;
			buildActionMask = 2147483647;
			files = (
				EC75E49B18F0A61B0091213B /* libsqlite3.dylib in Frameworks */,
				EC1C7EBE18EF361800332D70 /* CoreGraphics.framework in Frameworks */,
				EC1C7EC018EF361800332D70 /* UIKit.framework in Frameworks */,
				EC1C7EBC18EF361700332D70 /* Foundation.framework in Frameworks */,
			);
			runOnlyForDeploymentPostprocessing = 0;
		};
		EC1C7ED918EF361800332D70 /* Frameworks */ = {
			isa = PBXFrameworksBuildPhase;
			buildActionMask = 2147483647;
			files = (
				EC1C7EDE18EF361800332D70 /* XCTest.framework in Frameworks */,
				EC1C7EE018EF361800332D70 /* UIKit.framework in Frameworks */,
				EC1C7EDF18EF361800332D70 /* Foundation.framework in Frameworks */,
			);
			runOnlyForDeploymentPostprocessing = 0;
		};
/* End PBXFrameworksBuildPhase section */

/* Begin PBXGroup section */
		EC1C7EAF18EF361700332D70 = {
			isa = PBXGroup;
			children = (
				EC1C7EC118EF361800332D70 /* Mass Transit */,
				EC1C7EE318EF361800332D70 /* Mass TransitTests */,
				EC1C7EBA18EF361700332D70 /* Frameworks */,
				EC1C7EB918EF361700332D70 /* Products */,
			);
			sourceTree = "<group>";
		};
		EC1C7EB918EF361700332D70 /* Products */ = {
			isa = PBXGroup;
			children = (
				EC1C7EB818EF361700332D70 /* Mass Transit.app */,
				EC1C7EDC18EF361800332D70 /* Mass TransitTests.xctest */,
			);
			name = Products;
			sourceTree = "<group>";
		};
		EC1C7EBA18EF361700332D70 /* Frameworks */ = {
			isa = PBXGroup;
			children = (
				EC75E49A18F0A61B0091213B /* libsqlite3.dylib */,
				EC1C7EBB18EF361700332D70 /* Foundation.framework */,
				EC1C7EBD18EF361800332D70 /* CoreGraphics.framework */,
				EC1C7EBF18EF361800332D70 /* UIKit.framework */,
				EC1C7EDD18EF361800332D70 /* XCTest.framework */,
			);
			name = Frameworks;
			sourceTree = "<group>";
		};
		EC1C7EC118EF361800332D70 /* Mass Transit */ = {
			isa = PBXGroup;
			children = (
				EC1C7ECA18EF361800332D70 /* AppDelegate.h */,
				EC1C7ECB18EF361800332D70 /* AppDelegate.m */,
				EC1C7ECD18EF361800332D70 /* Main.storyboard */,
				EC75E49418EF61CF0091213B /* DetailViewController.h */,
				EC75E49518EF61CF0091213B /* DetailViewController.m */,
				EC75E49C18F0A9E90091213B /* View Controllers */,
				EC75E49718EF67630091213B /* GTF_SQLiteDB.h */,
				EC75E49818EF67630091213B /* GTF_SQLiteDB.m */,
				EC75E4A518F0B4ED0091213B /* Transit Objects */,
				EC1C7ED618EF361800332D70 /* Images.xcassets */,
				EC75E49D18F0AFC80091213B /* Databases */,
				EC1C7EC218EF361800332D70 /* Supporting Files */,
				EC1C7EF318EF3D4300332D70 /* Icons */,
			);
			path = "Mass Transit";
			sourceTree = "<group>";
		};
		EC1C7EC218EF361800332D70 /* Supporting Files */ = {
			isa = PBXGroup;
			children = (
				EC1C7EC318EF361800332D70 /* Mass Transit-Info.plist */,
				EC1C7EC418EF361800332D70 /* InfoPlist.strings */,
				EC1C7EC718EF361800332D70 /* main.m */,
				EC1C7EC918EF361800332D70 /* Mass Transit-Prefix.pch */,
			);
			name = "Supporting Files";
			sourceTree = "<group>";
		};
		EC1C7EE318EF361800332D70 /* Mass TransitTests */ = {
			isa = PBXGroup;
			children = (
				EC1C7EE918EF361800332D70 /* Mass_TransitTests.m */,
				EC1C7EE418EF361800332D70 /* Supporting Files */,
			);
			path = "Mass TransitTests";
			sourceTree = "<group>";
		};
		EC1C7EE418EF361800332D70 /* Supporting Files */ = {
			isa = PBXGroup;
			children = (
				EC1C7EE518EF361800332D70 /* Mass TransitTests-Info.plist */,
				EC1C7EE618EF361800332D70 /* InfoPlist.strings */,
			);
			name = "Supporting Files";
			sourceTree = "<group>";
		};
		EC1C7EF318EF3D4300332D70 /* Icons */ = {
			isa = PBXGroup;
			children = (
				EC1C7F0018EF482F00332D70 /* train.png */,
				EC1C7EFF18EF482F00332D70 /* train@2x.png */,
				EC1C7F0418EF4C5100332D70 /* bus.png */,
				EC1C7F0318EF4C5100332D70 /* bus@2x.png */,
				EC1C7EF418EF3D4300332D70 /* metrolink.png */,
				EC1C7EF518EF3D4300332D70 /* metrolink@2x.png */,
				EC1C7EF618EF3D4300332D70 /* octa.png */,
				EC1C7EF718EF3D4300332D70 /* octa@2x.png */,
			);
			path = Icons;
			sourceTree = "<group>";
		};
		EC75E49C18F0A9E90091213B /* View Controllers */ = {
			isa = PBXGroup;
			children = (
				EC75E48E18EF4FA50091213B /* OCTATableViewController.h */,
				EC75E48F18EF4FA50091213B /* OCTATableViewController.m */,
				EC75E49118EF5C970091213B /* MetrolinkTableViewController.h */,
				EC75E49218EF5C970091213B /* MetrolinkTableViewController.m */,
				EC1C7EFC18EF46B600332D70 /* OCTAMapViewController.h */,
				EC1C7EFD18EF46B600332D70 /* OCTAMapViewController.m */,
				EC1C7F0718EF4CFA00332D70 /* MetrolinkMapViewController.h */,
				EC1C7F0818EF4CFA00332D70 /* MetrolinkMapViewController.m */,
			);
			name = "View Controllers";
			sourceTree = "<group>";
		};
		EC75E49D18F0AFC80091213B /* Databases */ = {
			isa = PBXGroup;
			children = (
				EC75E49E18F0AFC80091213B /* Metrolink.sl3 */,
				EC75E49F18F0AFC80091213B /* OCTA.sl3 */,
			);
			path = Databases;
			sourceTree = "<group>";
		};
		EC75E4A518F0B4ED0091213B /* Transit Objects */ = {
			isa = PBXGroup;
			children = (
				EC75E4A218F0B4E10091213B /* TransitRoute.h */,
				EC75E4A318F0B4E10091213B /* TransitRoute.m */,
			);
			name = "Transit Objects";
			sourceTree = "<group>";
		};
/* End PBXGroup section */

/* Begin PBXNativeTarget section */
		EC1C7EB718EF361700332D70 /* Mass Transit */ = {
			isa = PBXNativeTarget;
			buildConfigurationList = EC1C7EED18EF361800332D70 /* Build configuration list for PBXNativeTarget "Mass Transit" */;
			buildPhases = (
				EC1C7EB418EF361700332D70 /* Sources */,
				EC1C7EB518EF361700332D70 /* Frameworks */,
				EC1C7EB618EF361700332D70 /* Resources */,
			);
			buildRules = (
			);
			dependencies = (
			);
			name = "Mass Transit";
			productName = "Mass Transit";
			productReference = EC1C7EB818EF361700332D70 /* Mass Transit.app */;
			productType = "com.apple.product-type.application";
		};
		EC1C7EDB18EF361800332D70 /* Mass TransitTests */ = {
			isa = PBXNativeTarget;
			buildConfigurationList = EC1C7EF018EF361800332D70 /* Build configuration list for PBXNativeTarget "Mass TransitTests" */;
			buildPhases = (
				EC1C7ED818EF361800332D70 /* Sources */,
				EC1C7ED918EF361800332D70 /* Frameworks */,
				EC1C7EDA18EF361800332D70 /* Resources */,
			);
			buildRules = (
			);
			dependencies = (
				EC1C7EE218EF361800332D70 /* PBXTargetDependency */,
			);
			name = "Mass TransitTests";
			productName = "Mass TransitTests";
			productReference = EC1C7EDC18EF361800332D70 /* Mass TransitTests.xctest */;
			productType = "com.apple.product-type.bundle.unit-test";
		};
/* End PBXNativeTarget section */

/* Begin PBXProject section */
		EC1C7EB018EF361700332D70 /* Project object */ = {
			isa = PBXProject;
			attributes = {
				LastUpgradeCheck = 0510;
				ORGANIZATIONNAME = "David McLaren";
				TargetAttributes = {
					EC1C7EDB18EF361800332D70 = {
						TestTargetID = EC1C7EB718EF361700332D70;
					};
				};
			};
			buildConfigurationList = EC1C7EB318EF361700332D70 /* Build configuration list for PBXProject "Mass Transit" */;
			compatibilityVersion = "Xcode 3.2";
			developmentRegion = English;
			hasScannedForEncodings = 0;
			knownRegions = (
				en,
				Base,
			);
			mainGroup = EC1C7EAF18EF361700332D70;
			productRefGroup = EC1C7EB918EF361700332D70 /* Products */;
			projectDirPath = "";
			projectRoot = "";
			targets = (
				EC1C7EB718EF361700332D70 /* Mass Transit */,
				EC1C7EDB18EF361800332D70 /* Mass TransitTests */,
			);
		};
/* End PBXProject section */

/* Begin PBXResourcesBuildPhase section */
		EC1C7EB618EF361700332D70 /* Resources */ = {
			isa = PBXResourcesBuildPhase;
			buildActionMask = 2147483647;
			files = (
				EC1C7ED718EF361800332D70 /* Images.xcassets in Resources */,
				EC1C7F0518EF4C5100332D70 /* bus@2x.png in Resources */,
				EC1C7EF818EF3D4300332D70 /* metrolink.png in Resources */,
				EC1C7EFA18EF3D4300332D70 /* octa.png in Resources */,
				EC1C7EFB18EF3D4300332D70 /* octa@2x.png in Resources */,
				EC1C7EC618EF361800332D70 /* InfoPlist.strings in Resources */,
				EC1C7F0618EF4C5100332D70 /* bus.png in Resources */,
				EC1C7ECF18EF361800332D70 /* Main.storyboard in Resources */,
				EC1C7EF918EF3D4300332D70 /* metrolink@2x.png in Resources */,
				EC75E4A118F0AFC80091213B /* OCTA.sl3 in Resources */,
				EC1C7F0118EF482F00332D70 /* train@2x.png in Resources */,
				EC75E4A018F0AFC80091213B /* Metrolink.sl3 in Resources */,
				EC1C7F0218EF482F00332D70 /* train.png in Resources */,
			);
			runOnlyForDeploymentPostprocessing = 0;
		};
		EC1C7EDA18EF361800332D70 /* Resources */ = {
			isa = PBXResourcesBuildPhase;
			buildActionMask = 2147483647;
			files = (
				EC1C7EE818EF361800332D70 /* InfoPlist.strings in Resources */,
			);
			runOnlyForDeploymentPostprocessing = 0;
		};
/* End PBXResourcesBuildPhase section */

/* Begin PBXSourcesBuildPhase section */
		EC1C7EB418EF361700332D70 /* Sources */ = {
			isa = PBXSourcesBuildPhase;
			buildActionMask = 2147483647;
			files = (
				EC75E49018EF4FA50091213B /* OCTATableViewController.m in Sources */,
				EC75E49918EF67630091213B /* GTF_SQLiteDB.m in Sources */,
				EC1C7EC818EF361800332D70 /* main.m in Sources */,
				EC1C7ECC18EF361800332D70 /* AppDelegate.m in Sources */,
				EC75E49318EF5C970091213B /* MetrolinkTableViewController.m in Sources */,
				EC1C7EFE18EF46B600332D70 /* OCTAMapViewController.m in Sources */,
				EC1C7F0918EF4CFA00332D70 /* MetrolinkMapViewController.m in Sources */,
				EC75E49618EF61CF0091213B /* DetailViewController.m in Sources */,
				EC75E4A418F0B4E10091213B /* TransitRoute.m in Sources */,
			);
			runOnlyForDeploymentPostprocessing = 0;
		};
		EC1C7ED818EF361800332D70 /* Sources */ = {
			isa = PBXSourcesBuildPhase;
			buildActionMask = 2147483647;
			files = (
				EC1C7EEA18EF361800332D70 /* Mass_TransitTests.m in Sources */,
			);
			runOnlyForDeploymentPostprocessing = 0;
		};
/* End PBXSourcesBuildPhase section */

/* Begin PBXTargetDependency section */
		EC1C7EE218EF361800332D70 /* PBXTargetDependency */ = {
			isa = PBXTargetDependency;
			target = EC1C7EB718EF361700332D70 /* Mass Transit */;
			targetProxy = EC1C7EE118EF361800332D70 /* PBXContainerItemProxy */;
		};
/* End PBXTargetDependency section */

/* Begin PBXVariantGroup section */
		EC1C7EC418EF361800332D70 /* InfoPlist.strings */ = {
			isa = PBXVariantGroup;
			children = (
				EC1C7EC518EF361800332D70 /* en */,
			);
			name = InfoPlist.strings;
			sourceTree = "<group>";
		};
		EC1C7ECD18EF361800332D70 /* Main.storyboard */ = {
			isa = PBXVariantGroup;
			children = (
				EC1C7ECE18EF361800332D70 /* Base */,
			);
			name = Main.storyboard;
			sourceTree = "<group>";
		};
		EC1C7EE618EF361800332D70 /* InfoPlist.strings */ = {
			isa = PBXVariantGroup;
			children = (
				EC1C7EE718EF361800332D70 /* en */,
			);
			name = InfoPlist.strings;
			sourceTree = "<group>";
		};
/* End PBXVariantGroup section */

/* Begin XCBuildConfiguration section */
		EC1C7EEB18EF361800332D70 /* Debug */ = {
			isa = XCBuildConfiguration;
			buildSettings = {
				ALWAYS_SEARCH_USER_PATHS = NO;
				CLANG_CXX_LANGUAGE_STANDARD = "gnu++0x";
				CLANG_CXX_LIBRARY = "libc++";
				CLANG_ENABLE_MODULES = YES;
				CLANG_ENABLE_OBJC_ARC = YES;
				CLANG_WARN_BOOL_CONVERSION = YES;
				CLANG_WARN_CONSTANT_CONVERSION = YES;
				CLANG_WARN_DIRECT_OBJC_ISA_USAGE = YES_ERROR;
				CLANG_WARN_EMPTY_BODY = YES;
				CLANG_WARN_ENUM_CONVERSION = YES;
				CLANG_WARN_INT_CONVERSION = YES;
				CLANG_WARN_OBJC_ROOT_CLASS = YES_ERROR;
				CLANG_WARN__DUPLICATE_METHOD_MATCH = YES;
				"CODE_SIGN_IDENTITY[sdk=iphoneos*]" = "iPhone Developer";
				COPY_PHASE_STRIP = NO;
				GCC_C_LANGUAGE_STANDARD = gnu99;
				GCC_DYNAMIC_NO_PIC = NO;
				GCC_OPTIMIZATION_LEVEL = 0;
				GCC_PREPROCESSOR_DEFINITIONS = (
					"DEBUG=1",
					"$(inherited)",
				);
				GCC_SYMBOLS_PRIVATE_EXTERN = NO;
				GCC_WARN_64_TO_32_BIT_CONVERSION = YES;
				GCC_WARN_ABOUT_RETURN_TYPE = YES_ERROR;
				GCC_WARN_UNDECLARED_SELECTOR = YES;
				GCC_WARN_UNINITIALIZED_AUTOS = YES_AGGRESSIVE;
				GCC_WARN_UNUSED_FUNCTION = YES;
				GCC_WARN_UNUSED_VARIABLE = YES;
				IPHONEOS_DEPLOYMENT_TARGET = 7.1;
				ONLY_ACTIVE_ARCH = YES;
				SDKROOT = iphoneos;
			};
			name = Debug;
		};
		EC1C7EEC18EF361800332D70 /* Release */ = {
			isa = XCBuildConfiguration;
			buildSettings = {
				ALWAYS_SEARCH_USER_PATHS = NO;
				CLANG_CXX_LANGUAGE_STANDARD = "gnu++0x";
				CLANG_CXX_LIBRARY = "libc++";
				CLANG_ENABLE_MODULES = YES;
				CLANG_ENABLE_OBJC_ARC = YES;
				CLANG_WARN_BOOL_CONVERSION = YES;
				CLANG_WARN_CONSTANT_CONVERSION = YES;
				CLANG_WARN_DIRECT_OBJC_ISA_USAGE = YES_ERROR;
				CLANG_WARN_EMPTY_BODY = YES;
				CLANG_WARN_ENUM_CONVERSION = YES;
				CLANG_WARN_INT_CONVERSION = YES;
				CLANG_WARN_OBJC_ROOT_CLASS = YES_ERROR;
				CLANG_WARN__DUPLICATE_METHOD_MATCH = YES;
				"CODE_SIGN_IDENTITY[sdk=iphoneos*]" = "iPhone Developer";
				COPY_PHASE_STRIP = YES;
				ENABLE_NS_ASSERTIONS = NO;
				GCC_C_LANGUAGE_STANDARD = gnu99;
				GCC_WARN_64_TO_32_BIT_CONVERSION = YES;
				GCC_WARN_ABOUT_RETURN_TYPE = YES_ERROR;
				GCC_WARN_UNDECLARED_SELECTOR = YES;
				GCC_WARN_UNINITIALIZED_AUTOS = YES_AGGRESSIVE;
				GCC_WARN_UNUSED_FUNCTION = YES;
				GCC_WARN_UNUSED_VARIABLE = YES;
				IPHONEOS_DEPLOYMENT_TARGET = 7.1;
				SDKROOT = iphoneos;
				VALIDATE_PRODUCT = YES;
			};
			name = Release;
		};
		EC1C7EEE18EF361800332D70 /* Debug */ = {
			isa = XCBuildConfiguration;
			buildSettings = {
				ASSETCATALOG_COMPILER_APPICON_NAME = AppIcon;
				ASSETCATALOG_COMPILER_LAUNCHIMAGE_NAME = LaunchImage;
				GCC_PRECOMPILE_PREFIX_HEADER = YES;
				GCC_PREFIX_HEADER = "Mass Transit/Mass Transit-Prefix.pch";
				INFOPLIST_FILE = "Mass Transit/Mass Transit-Info.plist";
				PRODUCT_NAME = "$(TARGET_NAME)";
				WRAPPER_EXTENSION = app;
			};
			name = Debug;
		};
		EC1C7EEF18EF361800332D70 /* Release */ = {
			isa = XCBuildConfiguration;
			buildSettings = {
				ASSETCATALOG_COMPILER_APPICON_NAME = AppIcon;
				ASSETCATALOG_COMPILER_LAUNCHIMAGE_NAME = LaunchImage;
				GCC_PRECOMPILE_PREFIX_HEADER = YES;
				GCC_PREFIX_HEADER = "Mass Transit/Mass Transit-Prefix.pch";
				INFOPLIST_FILE = "Mass Transit/Mass Transit-Info.plist";
				PRODUCT_NAME = "$(TARGET_NAME)";
				WRAPPER_EXTENSION = app;
			};
			name = Release;
		};
		EC1C7EF118EF361800332D70 /* Debug */ = {
			isa = XCBuildConfiguration;
			buildSettings = {
				BUNDLE_LOADER = "$(BUILT_PRODUCTS_DIR)/Mass Transit.app/Mass Transit";
				FRAMEWORK_SEARCH_PATHS = (
					"$(SDKROOT)/Developer/Library/Frameworks",
					"$(inherited)",
					"$(DEVELOPER_FRAMEWORKS_DIR)",
				);
				GCC_PRECOMPILE_PREFIX_HEADER = YES;
				GCC_PREFIX_HEADER = "Mass Transit/Mass Transit-Prefix.pch";
				GCC_PREPROCESSOR_DEFINITIONS = (
					"DEBUG=1",
					"$(inherited)",
				);
				INFOPLIST_FILE = "Mass TransitTests/Mass TransitTests-Info.plist";
				PRODUCT_NAME = "$(TARGET_NAME)";
				TEST_HOST = "$(BUNDLE_LOADER)";
				WRAPPER_EXTENSION = xctest;
			};
			name = Debug;
		};
		EC1C7EF218EF361800332D70 /* Release */ = {
			isa = XCBuildConfiguration;
			buildSettings = {
				BUNDLE_LOADER = "$(BUILT_PRODUCTS_DIR)/Mass Transit.app/Mass Transit";
				FRAMEWORK_SEARCH_PATHS = (
					"$(SDKROOT)/Developer/Library/Frameworks",
					"$(inherited)",
					"$(DEVELOPER_FRAMEWORKS_DIR)",
				);
				GCC_PRECOMPILE_PREFIX_HEADER = YES;
				GCC_PREFIX_HEADER = "Mass Transit/Mass Transit-Prefix.pch";
				INFOPLIST_FILE = "Mass TransitTests/Mass TransitTests-Info.plist";
				PRODUCT_NAME = "$(TARGET_NAME)";
				TEST_HOST = "$(BUNDLE_LOADER)";
				WRAPPER_EXTENSION = xctest;
			};
			name = Release;
		};
/* End XCBuildConfiguration section */

/* Begin XCConfigurationList section */
		EC1C7EB318EF361700332D70 /* Build configuration list for PBXProject "Mass Transit" */ = {
			isa = XCConfigurationList;
			buildConfigurations = (
				EC1C7EEB18EF361800332D70 /* Debug */,
				EC1C7EEC18EF361800332D70 /* Release */,
			);
			defaultConfigurationIsVisible = 0;
			defaultConfigurationName = Release;
		};
		EC1C7EED18EF361800332D70 /* Build configuration list for PBXNativeTarget "Mass Transit" */ = {
			isa = XCConfigurationList;
			buildConfigurations = (
				EC1C7EEE18EF361800332D70 /* Debug */,
				EC1C7EEF18EF361800332D70 /* Release */,
			);
			defaultConfigurationIsVisible = 0;
			defaultConfigurationName = Release;
		};
		EC1C7EF018EF361800332D70 /* Build configuration list for PBXNativeTarget "Mass TransitTests" */ = {
			isa = XCConfigurationList;
			buildConfigurations = (
				EC1C7EF118EF361800332D70 /* Debug */,
				EC1C7EF218EF361800332D70 /* Release */,
			);
			defaultConfigurationIsVisible = 0;
			defaultConfigurationName = Release;
		};
/* End XCConfigurationList section */
	};
	rootObject = EC1C7EB018EF361700332D70 /* Project object */;
}
